
Microsoft Visual Studio Solution File, Format Version 12.00
# Visual Studio Version 16
VisualStudioVersion = 16.0.30114.105
MinimumVisualStudioVersion = 10.0.40219.1
Project("{9A19103F-16F7-4668-BE54-9A1E7A4F7556}") = "Registration.Api", "Registration.Api\Registration.Api.csproj", "{592B5EC1-4648-4AB2-88DC-D8ADBEF2C90A}"
EndProject
Project("{2150E333-8FDC-42A3-9474-1A3956D46DE8}") = "SolutionFiles", "SolutionFiles", "{C646FAB5-847A-4C5F-94F5-9EC7D168B4F5}"
	ProjectSection(SolutionItems) = preProject
		.gitignore = .gitignore
		README.md = README.md
	EndProjectSection
EndProject
Global
	GlobalSection(SolutionConfigurationPlatforms) = preSolution
		Debug|Any CPU = Debug|Any CPU
		Debug|x64 = Debug|x64
		Debug|x86 = Debug|x86
		Release|Any CPU = Release|Any CPU
		Release|x64 = Release|x64
		Release|x86 = Release|x86
	EndGlobalSection
	GlobalSection(ProjectConfigurationPlatforms) = postSolution
		{592B5EC1-4648-4AB2-88DC-D8ADBEF2C90A}.Debug|Any CPU.ActiveCfg = Debug|Any CPU
		{592B5EC1-4648-4AB2-88DC-D8ADBEF2C90A}.Debug|Any CPU.Build.0 = Debug|Any CPU
		{592B5EC1-4648-4AB2-88DC-D8ADBEF2C90A}.Debug|x64.ActiveCfg = Debug|Any CPU
		{592B5EC1-4648-4AB2-88DC-D8ADBEF2C90A}.Debug|x64.Build.0 = Debug|Any CPU
		{592B5EC1-4648-4AB2-88DC-D8ADBEF2C90A}.Debug|x86.ActiveCfg = Debug|Any CPU
		{592B5EC1-4648-4AB2-88DC-D8ADBEF2C90A}.Debug|x86.Build.0 = Debug|Any CPU
		{592B5EC1-4648-4AB2-88DC-D8ADBEF2C90A}.Release|Any CPU.ActiveCfg = Release|Any CPU
		{592B5EC1-4648-4AB2-88DC-D8ADBEF2C90A}.Release|Any CPU.Build.0 = Release|Any CPU
		{592B5EC1-4648-4AB2-88DC-D8ADBEF2C90A}.Release|x64.ActiveCfg = Release|Any CPU
		{592B5EC1-4648-4AB2-88DC-D8ADBEF2C90A}.Release|x64.Build.0 = Release|Any CPU
		{592B5EC1-4648-4AB2-88DC-D8ADBEF2C90A}.Release|x86.ActiveCfg = Release|Any CPU
		{592B5EC1-4648-4AB2-88DC-D8ADBEF2C90A}.Release|x86.Build.0 = Release|Any CPU
	EndGlobalSection
	GlobalSection(SolutionProperties) = preSolution
		HideSolutionNode = FALSE
	EndGlobalSection
	GlobalSection(ExtensibilityGlobals) = postSolution
		SolutionGuid = {A40EFACA-62A0-425A-9126-405ECCA89C05}
	EndGlobalSection
EndGlobal
